Microsoft Visual Studio Solution File, Format Version 12.00
# Visual Studio Version 17
VisualStudioVersion = 17.5.2.0
MinimumVisualStudioVersion = 10.0.40219.1
Project("{FAE04EC0-301F-11D3-BF4B-00C04F79EFBC}") = "E-Learning", "E-Learning.csproj", "{34CB99D8-A091-093B-7A16-16A66877A1A7}"
EndProject
Global
	GlobalSection(SolutionConfigurationPlatforms) = preSolution
		Debug|Any CPU = Debug|Any CPU
		Release|Any CPU = Release|Any CPU
	EndGlobalSection
	GlobalSection(ProjectConfigurationPlatforms) = postSolution
		{34CB99D8-A091-093B-7A16-16A66877A1A7}.Debug|Any CPU.ActiveCfg = Debug|Any CPU
		{34CB99D8-A091-093B-7A16-16A66877A1A7}.Debug|Any CPU.Build.0 = Debug|Any CPU
		{34CB99D8-A091-093B-7A16-16A66877A1A7}.Release|Any CPU.ActiveCfg = Release|Any CPU
		{34CB99D8-A091-093B-7A16-16A66877A1A7}.Release|Any CPU.Build.0 = Release|Any CPU
	EndGlobalSection
	GlobalSection(SolutionProperties) = preSolution
		HideSolutionNode = FALSE
	EndGlobalSection
	GlobalSection(ExtensibilityGlobals) = postSolution
		SolutionGuid = {0665DB10-0B24-40E1-9499-79ACDE4852D2}
	EndGlobalSection
EndGlobal
